
Microsoft Visual Studio Solution File, Format Version 12.00
# Visual Studio 15
VisualStudioVersion = 15.0.27703.2042
MinimumVisualStudioVersion = 10.0.40219.1
Project("{FAE04EC0-301F-11D3-BF4B-00C04F79EFBC}") = "XF.BookTickets.Android", "XF.BookTickets\XF.BookTickets.Android\XF.BookTickets.Android.csproj", "{6BA29420-5FC4-4817-B807-7818144023EC}"
EndProject
Project("{FAE04EC0-301F-11D3-BF4B-00C04F79EFBC}") = "XF.BookTickets.iOS", "XF.BookTickets\XF.BookTickets.iOS\XF.BookTickets.iOS.csproj", "{D0238EAF-DFD0-47AA-83BC-C8D40317501D}"
EndProject
Project("{FAE04EC0-301F-11D3-BF4B-00C04F79EFBC}") = "XF.BookTickets", "XF.BookTickets\XF.BookTickets\XF.BookTickets.csproj", "{79CED9D1-AC39-4DA5-84D6-5FF927DC6C07}"
EndProject
Global
	GlobalSection(SolutionConfigurationPlatforms) = preSolution
		Ad-Hoc|Any CPU = Ad-Hoc|Any CPU
		Ad-Hoc|iPhone = Ad-Hoc|iPhone
		Ad-Hoc|iPhoneSimulator = Ad-Hoc|iPhoneSimulator
		AppStore|Any CPU = AppStore|Any CPU
		AppStore|iPhone = AppStore|iPhone
		AppStore|iPhoneSimulator = AppStore|iPhoneSimulator
		Debug|Any CPU = Debug|Any CPU
		Debug|iPhone = Debug|iPhone
		Debug|iPhoneSimulator = Debug|iPhoneSimulator
		Release|Any CPU = Release|Any CPU
		Release|iPhone = Release|iPhone
		Release|iPhoneSimulator = Release|iPhoneSimulator
	EndGlobalSection
	GlobalSection(ProjectConfigurationPlatforms) = postSolution
		{6BA29420-5FC4-4817-B807-7818144023EC}.Ad-Hoc|Any CPU.ActiveCfg = Release|Any CPU
		{6BA29420-5FC4-4817-B807-7818144023EC}.Ad-Hoc|Any CPU.Build.0 = Release|Any CPU
		{6BA29420-5FC4-4817-B807-7818144023EC}.Ad-Hoc|Any CPU.Deploy.0 = Release|Any CPU
		{6BA29420-5FC4-4817-B807-7818144023EC}.Ad-Hoc|iPhone.ActiveCfg = Release|Any CPU
		{6BA29420-5FC4-4817-B807-7818144023EC}.Ad-Hoc|iPhone.Build.0 = Release|Any CPU
		{6BA29420-5FC4-4817-B807-7818144023EC}.Ad-Hoc|iPhone.Deploy.0 = Release|Any CPU
		{6BA29420-5FC4-4817-B807-7818144023EC}.Ad-Hoc|iPhoneSimulator.ActiveCfg = Release|Any CPU
		{6BA29420-5FC4-4817-B807-7818144023EC}.Ad-Hoc|iPhoneSimulator.Build.0 = Release|Any CPU
		{6BA29420-5FC4-4817-B807-7818144023EC}.Ad-Hoc|iPhoneSimulator.Deploy.0 = Release|Any CPU
		{6BA29420-5FC4-4817-B807-7818144023EC}.AppStore|Any CPU.ActiveCfg = Release|Any CPU
		{6BA29420-5FC4-4817-B807-7818144023EC}.AppStore|Any CPU.Build.0 = Release|Any CPU
		{6BA29420-5FC4-4817-B807-7818144023EC}.AppStore|Any CPU.Deploy.0 = Release|Any CPU
		{6BA29420-5FC4-4817-B807-7818144023EC}.AppStore|iPhone.ActiveCfg = Release|Any CPU
		{6BA29420-5FC4-4817-B807-7818144023EC}.AppStore|iPhone.Build.0 = Release|Any CPU
		{6BA29420-5FC4-4817-B807-7818144023EC}.AppStore|iPhone.Deploy.0 = Release|Any CPU
		{6BA29420-5FC4-4817-B807-7818144023EC}.AppStore|iPhoneSimulator.ActiveCfg = Release|Any CPU
		{6BA29420-5FC4-4817-B807-7818144023EC}.AppStore|iPhoneSimulator.Build.0 = Release|Any CPU
		{6BA29420-5FC4-4817-B807-7818144023EC}.AppStore|iPhoneSimulator.Deploy.0 = Release|Any CPU
		{6BA29420-5FC4-4817-B807-7818144023EC}.Debug|Any CPU.ActiveCfg = Debug|Any CPU
		{6BA29420-5FC4-4817-B807-7818144023EC}.Debug|Any CPU.Build.0 = Debug|Any CPU
		{6BA29420-5FC4-4817-B807-7818144023EC}.Debug|Any CPU.Deploy.0 = Debug|Any CPU
		{6BA29420-5FC4-4817-B807-7818144023EC}.Debug|iPhone.ActiveCfg = Debug|Any CPU
		{6BA29420-5FC4-4817-B807-7818144023EC}.Debug|iPhone.Build.0 = Debug|Any CPU
		{6BA29420-5FC4-4817-B807-7818144023EC}.Debug|iPhone.Deploy.0 = Debug|Any CPU
		{6BA29420-5FC4-4817-B807-7818144023EC}.Debug|iPhoneSimulator.ActiveCfg = Debug|Any CPU
		{6BA29420-5FC4-4817-B807-7818144023EC}.Debug|iPhoneSimulator.Build.0 = Debug|Any CPU
		{6BA29420-5FC4-4817-B807-7818144023EC}.Debug|iPhoneSimulator.Deploy.0 = Debug|Any CPU
		{6BA29420-5FC4-4817-B807-7818144023EC}.Release|Any CPU.ActiveCfg = Release|Any CPU
		{6BA29420-5FC4-4817-B807-7818144023EC}.Release|Any CPU.Build.0 = Release|Any CPU
		{6BA29420-5FC4-4817-B807-7818144023EC}.Release|Any CPU.Deploy.0 = Release|Any CPU
		{6BA29420-5FC4-4817-B807-7818144023EC}.Release|iPhone.ActiveCfg = Release|Any CPU
		{6BA29420-5FC4-4817-B807-7818144023EC}.Release|iPhone.Build.0 = Release|Any CPU
		{6BA29420-5FC4-4817-B807-7818144023EC}.Release|iPhone.Deploy.0 = Release|Any CPU
		{6BA29420-5FC4-4817-B807-7818144023EC}.Release|iPhoneSimulator.ActiveCfg = Release|Any CPU
		{6BA29420-5FC4-4817-B807-7818144023EC}.Release|iPhoneSimulator.Build.0 = Release|Any CPU
		{6BA29420-5FC4-4817-B807-7818144023EC}.Release|iPhoneSimulator.Deploy.0 = Release|Any CPU
		{D0238EAF-DFD0-47AA-83BC-C8D40317501D}.Ad-Hoc|Any CPU.ActiveCfg = Ad-Hoc|iPhone
		{D0238EAF-DFD0-47AA-83BC-C8D40317501D}.Ad-Hoc|Any CPU.Build.0 = Ad-Hoc|iPhone
		{D0238EAF-DFD0-47AA-83BC-C8D40317501D}.Ad-Hoc|Any CPU.Deploy.0 = Ad-Hoc|iPhone
		{D0238EAF-DFD0-47AA-83BC-C8D40317501D}.Ad-Hoc|iPhone.ActiveCfg = Ad-Hoc|iPhone
		{D0238EAF-DFD0-47AA-83BC-C8D40317501D}.Ad-Hoc|iPhone.Build.0 = Ad-Hoc|iPhone
		{D0238EAF-DFD0-47AA-83BC-C8D40317501D}.Ad-Hoc|iPhone.Deploy.0 = Ad-Hoc|iPhone
		{D0238EAF-DFD0-47AA-83BC-C8D40317501D}.Ad-Hoc|iPhoneSimulator.ActiveCfg = Ad-Hoc|iPhoneSimulator
		{D0238EAF-DFD0-47AA-83BC-C8D40317501D}.Ad-Hoc|iPhoneSimulator.Build.0 = Ad-Hoc|iPhoneSimulator
		{D0238EAF-DFD0-47AA-83BC-C8D40317501D}.Ad-Hoc|iPhoneSimulator.Deploy.0 = Ad-Hoc|iPhoneSimulator
		{D0238EAF-DFD0-47AA-83BC-C8D40317501D}.AppStore|Any CPU.ActiveCfg = AppStore|iPhone
		{D0238EAF-DFD0-47AA-83BC-C8D40317501D}.AppStore|Any CPU.Build.0 = AppStore|iPhone
		{D0238EAF-DFD0-47AA-83BC-C8D40317501D}.AppStore|Any CPU.Deploy.0 = AppStore|iPhone
		{D0238EAF-DFD0-47AA-83BC-C8D40317501D}.AppStore|iPhone.ActiveCfg = AppStore|iPhone
		{D0238EAF-DFD0-47AA-83BC-C8D40317501D}.AppStore|iPhone.Build.0 = AppStore|iPhone
		{D0238EAF-DFD0-47AA-83BC-C8D40317501D}.AppStore|iPhone.Deploy.0 = AppStore|iPhone
		{D0238EAF-DFD0-47AA-83BC-C8D40317501D}.AppStore|iPhoneSimulator.ActiveCfg = AppStore|iPhoneSimulator
		{D0238EAF-DFD0-47AA-83BC-C8D40317501D}.AppStore|iPhoneSimulator.Build.0 = AppStore|iPhoneSimulator
		{D0238EAF-DFD0-47AA-83BC-C8D40317501D}.AppStore|iPhoneSimulator.Deploy.0 = AppStore|iPhoneSimulator
		{D0238EAF-DFD0-47AA-83BC-C8D40317501D}.Debug|Any CPU.ActiveCfg = Debug|iPhoneSimulator
		{D0238EAF-DFD0-47AA-83BC-C8D40317501D}.Debug|Any CPU.Build.0 = Debug|iPhoneSimulator
		{D0238EAF-DFD0-47AA-83BC-C8D40317501D}.Debug|Any CPU.Deploy.0 = Debug|iPhoneSimulator
		{D0238EAF-DFD0-47AA-83BC-C8D40317501D}.Debug|iPhone.ActiveCfg = Debug|iPhone
		{D0238EAF-DFD0-47AA-83BC-C8D40317501D}.Debug|iPhone.Build.0 = Debug|iPhone
		{D0238EAF-DFD0-47AA-83BC-C8D40317501D}.Debug|iPhone.Deploy.0 = Debug|iPhone
		{D0238EAF-DFD0-47AA-83BC-C8D40317501D}.Debug|iPhoneSimulator.ActiveCfg = Debug|iPhoneSimulator
		{D0238EAF-DFD0-47AA-83BC-C8D40317501D}.Debug|iPhoneSimulator.Build.0 = Debug|iPhoneSimulator
		{D0238EAF-DFD0-47AA-83BC-C8D40317501D}.Debug|iPhoneSimulator.Deploy.0 = Debug|iPhoneSimulator
		{D0238EAF-DFD0-47AA-83BC-C8D40317501D}.Release|Any CPU.ActiveCfg = Release|iPhone
		{D0238EAF-DFD0-47AA-83BC-C8D40317501D}.Release|Any CPU.Build.0 = Release|iPhone
		{D0238EAF-DFD0-47AA-83BC-C8D40317501D}.Release|Any CPU.Deploy.0 = Release|iPhone
		{D0238EAF-DFD0-47AA-83BC-C8D40317501D}.Release|iPhone.ActiveCfg = Release|iPhone
		{D0238EAF-DFD0-47AA-83BC-C8D40317501D}.Release|iPhone.Build.0 = Release|iPhone
		{D0238EAF-DFD0-47AA-83BC-C8D40317501D}.Release|iPhone.Deploy.0 = Release|iPhone
		{D0238EAF-DFD0-47AA-83BC-C8D40317501D}.Release|iPhoneSimulator.ActiveCfg = Release|iPhoneSimulator
		{D0238EAF-DFD0-47AA-83BC-C8D40317501D}.Release|iPhoneSimulator.Build.0 = Release|iPhoneSimulator
		{D0238EAF-DFD0-47AA-83BC-C8D40317501D}.Release|iPhoneSimulator.Deploy.0 = Release|iPhoneSimulator
		{79CED9D1-AC39-4DA5-84D6-5FF927DC6C07}.Ad-Hoc|Any CPU.ActiveCfg = Debug|Any CPU
		{79CED9D1-AC39-4DA5-84D6-5FF927DC6C07}.Ad-Hoc|Any CPU.Build.0 = Debug|Any CPU
		{79CED9D1-AC39-4DA5-84D6-5FF927DC6C07}.Ad-Hoc|Any CPU.Deploy.0 = Debug|Any CPU
		{79CED9D1-AC39-4DA5-84D6-5FF927DC6C07}.Ad-Hoc|iPhone.ActiveCfg = Debug|Any CPU
		{79CED9D1-AC39-4DA5-84D6-5FF927DC6C07}.Ad-Hoc|iPhone.Build.0 = Debug|Any CPU
		{79CED9D1-AC39-4DA5-84D6-5FF927DC6C07}.Ad-Hoc|iPhone.Deploy.0 = Debug|Any CPU
		{79CED9D1-AC39-4DA5-84D6-5FF927DC6C07}.Ad-Hoc|iPhoneSimulator.ActiveCfg = Debug|Any CPU
		{79CED9D1-AC39-4DA5-84D6-5FF927DC6C07}.Ad-Hoc|iPhoneSimulator.Build.0 = Debug|Any CPU
		{79CED9D1-AC39-4DA5-84D6-5FF927DC6C07}.Ad-Hoc|iPhoneSimulator.Deploy.0 = Debug|Any CPU
		{79CED9D1-AC39-4DA5-84D6-5FF927DC6C07}.AppStore|Any CPU.ActiveCfg = Debug|Any CPU
		{79CED9D1-AC39-4DA5-84D6-5FF927DC6C07}.AppStore|Any CPU.Build.0 = Debug|Any CPU
		{79CED9D1-AC39-4DA5-84D6-5FF927DC6C07}.AppStore|Any CPU.Deploy.0 = Debug|Any CPU
		{79CED9D1-AC39-4DA5-84D6-5FF927DC6C07}.AppStore|iPhone.ActiveCfg = Debug|Any CPU
		{79CED9D1-AC39-4DA5-84D6-5FF927DC6C07}.AppStore|iPhone.Build.0 = Debug|Any CPU
		{79CED9D1-AC39-4DA5-84D6-5FF927DC6C07}.AppStore|iPhone.Deploy.0 = Debug|Any CPU
		{79CED9D1-AC39-4DA5-84D6-5FF927DC6C07}.AppStore|iPhoneSimulator.ActiveCfg = Debug|Any CPU
		{79CED9D1-AC39-4DA5-84D6-5FF927DC6C07}.AppStore|iPhoneSimulator.Build.0 = Debug|Any CPU
		{79CED9D1-AC39-4DA5-84D6-5FF927DC6C07}.AppStore|iPhoneSimulator.Deploy.0 = Debug|Any CPU
		{79CED9D1-AC39-4DA5-84D6-5FF927DC6C07}.Debug|Any CPU.ActiveCfg = Debug|Any CPU
		{79CED9D1-AC39-4DA5-84D6-5FF927DC6C07}.Debug|Any CPU.Build.0 = Debug|Any CPU
		{79CED9D1-AC39-4DA5-84D6-5FF927DC6C07}.Debug|Any CPU.Deploy.0 = Debug|Any CPU
		{79CED9D1-AC39-4DA5-84D6-5FF927DC6C07}.Debug|iPhone.ActiveCfg = Debug|Any CPU
		{79CED9D1-AC39-4DA5-84D6-5FF927DC6C07}.Debug|iPhone.Build.0 = Debug|Any CPU
		{79CED9D1-AC39-4DA5-84D6-5FF927DC6C07}.Debug|iPhone.Deploy.0 = Debug|Any CPU
		{79CED9D1-AC39-4DA5-84D6-5FF927DC6C07}.Debug|iPhoneSimulator.ActiveCfg = Debug|Any CPU
		{79CED9D1-AC39-4DA5-84D6-5FF927DC6C07}.Debug|iPhoneSimulator.Build.0 = Debug|Any CPU
		{79CED9D1-AC39-4DA5-84D6-5FF927DC6C07}.Debug|iPhoneSimulator.Deploy.0 = Debug|Any CPU
		{79CED9D1-AC39-4DA5-84D6-5FF927DC6C07}.Release|Any CPU.ActiveCfg = Release|Any CPU
		{79CED9D1-AC39-4DA5-84D6-5FF927DC6C07}.Release|Any CPU.Build.0 = Release|Any CPU
		{79CED9D1-AC39-4DA5-84D6-5FF927DC6C07}.Release|Any CPU.Deploy.0 = Release|Any CPU
		{79CED9D1-AC39-4DA5-84D6-5FF927DC6C07}.Release|iPhone.ActiveCfg = Release|Any CPU
		{79CED9D1-AC39-4DA5-84D6-5FF927DC6C07}.Release|iPhone.Build.0 = Release|Any CPU
		{79CED9D1-AC39-4DA5-84D6-5FF927DC6C07}.Release|iPhone.Deploy.0 = Release|Any CPU
		{79CED9D1-AC39-4DA5-84D6-5FF927DC6C07}.Release|iPhoneSimulator.ActiveCfg = Release|Any CPU
		{79CED9D1-AC39-4DA5-84D6-5FF927DC6C07}.Release|iPhoneSimulator.Build.0 = Release|Any CPU
		{79CED9D1-AC39-4DA5-84D6-5FF927DC6C07}.Release|iPhoneSimulator.Deploy.0 = Release|Any CPU
	EndGlobalSection
	GlobalSection(SolutionProperties) = preSolution
		HideSolutionNode = FALSE
	EndGlobalSection
	GlobalSection(ExtensibilityGlobals) = postSolution
		SolutionGuid = {220817EA-75A9-485B-807D-A0AB4EA58776}
	EndGlobalSection
EndGlobal
